{
  "name": "assets",
  "lockfileVersion": 3,
  "requires": true,
  "packages": {
    "": {
      "dependencies": {
        "@leeoniya/ufuzzy": "^1.0.18"
      }
    },
    "node_modules/@leeoniya/ufuzzy": {
      "version": "1.0.18",
      "resolved": "https://registry.npmjs.org/@leeoniya/ufuzzy/-/ufuzzy-1.0.18.tgz",
      "integrity": "sha512-5D54A86/VaPvJVf7UWJgy+UyhDtstUxq0iQd8UOZ2TG3NjV2oSoa9m4qW3VsotDD6dH2SNHDQwSPq+IAuudnag=="
    }
  }
}
